
Microsoft Visual Studio Solution File, Format Version 12.00
# Visual Studio 15
VisualStudioVersion = 15.0.28307.271
MinimumVisualStudioVersion = 10.0.40219.1
Project("{6EC3EE1D-3C4E-46DD-8F32-0CC8E7565705}") = "Fetisch", "src\Fetisch\Fetisch.fsproj", "{65883197-FEB5-4E57-B4F0-819D1B9EBE58}"
EndProject
Project("{6EC3EE1D-3C4E-46DD-8F32-0CC8E7565705}") = "Fetisch.Example1", "src\Fetisch.Example1\Fetisch.Example1.fsproj", "{CEAA3AEC-FCE6-471C-9DB4-28319C817675}"
EndProject
Project("{6EC3EE1D-3C4E-46DD-8F32-0CC8E7565705}") = "Fetisch.Test", "src\Fetisch.Test\Fetisch.Test.fsproj", "{245B9FE2-952F-4F4D-BFB0-E20F84B683C4}"
EndProject
Project("{6EC3EE1D-3C4E-46DD-8F32-0CC8E7565705}") = "ExampleGraphCalc", "src\ExampleGraphCalc\ExampleGraphCalc.fsproj", "{2C826138-C5AB-4484-AE1F-7E4717ABBA85}"
	ProjectSection(ProjectDependencies) = postProject
		{65883197-FEB5-4E57-B4F0-819D1B9EBE58} = {65883197-FEB5-4E57-B4F0-819D1B9EBE58}
	EndProjectSection
EndProject
Global
	GlobalSection(SolutionConfigurationPlatforms) = preSolution
		Debug|Any CPU = Debug|Any CPU
		Release|Any CPU = Release|Any CPU
	EndGlobalSection
	GlobalSection(ProjectConfigurationPlatforms) = postSolution
		{65883197-FEB5-4E57-B4F0-819D1B9EBE58}.Debug|Any CPU.ActiveCfg = Debug|Any CPU
		{65883197-FEB5-4E57-B4F0-819D1B9EBE58}.Debug|Any CPU.Build.0 = Debug|Any CPU
		{65883197-FEB5-4E57-B4F0-819D1B9EBE58}.Release|Any CPU.ActiveCfg = Release|Any CPU
		{65883197-FEB5-4E57-B4F0-819D1B9EBE58}.Release|Any CPU.Build.0 = Release|Any CPU
		{CEAA3AEC-FCE6-471C-9DB4-28319C817675}.Debug|Any CPU.ActiveCfg = Debug|Any CPU
		{CEAA3AEC-FCE6-471C-9DB4-28319C817675}.Debug|Any CPU.Build.0 = Debug|Any CPU
		{CEAA3AEC-FCE6-471C-9DB4-28319C817675}.Release|Any CPU.ActiveCfg = Release|Any CPU
		{CEAA3AEC-FCE6-471C-9DB4-28319C817675}.Release|Any CPU.Build.0 = Release|Any CPU
		{245B9FE2-952F-4F4D-BFB0-E20F84B683C4}.Debug|Any CPU.ActiveCfg = Debug|Any CPU
		{245B9FE2-952F-4F4D-BFB0-E20F84B683C4}.Debug|Any CPU.Build.0 = Debug|Any CPU
		{245B9FE2-952F-4F4D-BFB0-E20F84B683C4}.Release|Any CPU.ActiveCfg = Release|Any CPU
		{245B9FE2-952F-4F4D-BFB0-E20F84B683C4}.Release|Any CPU.Build.0 = Release|Any CPU
		{2C826138-C5AB-4484-AE1F-7E4717ABBA85}.Debug|Any CPU.ActiveCfg = Debug|Any CPU
		{2C826138-C5AB-4484-AE1F-7E4717ABBA85}.Debug|Any CPU.Build.0 = Debug|Any CPU
		{2C826138-C5AB-4484-AE1F-7E4717ABBA85}.Release|Any CPU.ActiveCfg = Release|Any CPU
		{2C826138-C5AB-4484-AE1F-7E4717ABBA85}.Release|Any CPU.Build.0 = Release|Any CPU
	EndGlobalSection
	GlobalSection(SolutionProperties) = preSolution
		HideSolutionNode = FALSE
	EndGlobalSection
	GlobalSection(ExtensibilityGlobals) = postSolution
		SolutionGuid = {D4BD59AA-282F-4FC5-9507-DE304D4FEA9B}
	EndGlobalSection
EndGlobal
